lockfileVersion: '9.0'

settings:
  autoInstallPeers: true
  excludeLinksFromLockfile: false

importers:

  .:
    dependencies:
      pnpm:
        specifier: 10.13.1
        version: 10.13.1

packages:

  pnpm@10.13.1:
    resolution: {integrity: sha512-N+vxpcejDV+r4MXfRO6NpMllygxa89urKMOhaBtwolYhjQXIHJwNz3Z+9rhVHrW5YAQrntQwDFkkIzY3fgHPrQ==}
    engines: {node: '>=18.12'}
    hasBin: true

snapshots:

  pnpm@10.13.1: {}
