lockfileVersion: '9.0'

settings:
  autoInstallPeers: true
  excludeLinksFromLockfile: false

importers:

  .:
    dependencies:
      '@yarnpkg/cli-dist':
        specifier: 4.17.1
        version: 4.17.1

packages:

  '@yarnpkg/cli-dist@4.17.1':
    resolution: {integrity: sha512-2tiSQuJNl/L3QwTdrq6lKWDpkcnp9MGvCT/rIldHcbu3SWfnLdmehvt3eulX1hT7FFt1Gjfq3CesF+kvhFip6g==}
    engines: {node: '>=18.12.0'}
    hasBin: true

snapshots:

  '@yarnpkg/cli-dist@4.17.1': {}
